// !$*UTF8*$!
{
	archiveVersion = 1;
	classes = {
	};
	objectVersion = 50;
	objects = {

/* Begin PBXBuildFile section */
		034F1BF4207C619E009C5D54 /* AppDelegate.m in Sources */ = {isa = PBXBuildFile; fileRef = 034F1BF3207C619E009C5D54 /* AppDelegate.m */; };
		034F1BF7207C619E009C5D54 /* ViewController.m in Sources */ = {isa = PBXBuildFile; fileRef = 034F1BF6207C619E009C5D54 /* ViewController.m */; };
		034F1BFA207C619E009C5D54 /* Main.storyboard in Resources */ = {isa = PBXBuildFile; fileRef = 034F1BF8207C619E009C5D54 /* Main.storyboard */; };
		034F1BFC207C61A1009C5D54 /* Assets.xcassets in Resources */ = {isa = PBXBuildFile; fileRef = 034F1BFB207C61A1009C5D54 /* Assets.xcassets */; };
		034F1BFF207C61A1009C5D54 /* LaunchScreen.storyboard in Resources */ = {isa = PBXBuildFile; fileRef = 034F1BFD207C61A1009C5D54 /* LaunchScreen.storyboard */; };
		034F1C02207C61A1009C5D54 /* main.m in Sources */ = {isa = PBXBuildFile; fileRef = 034F1C01207C61A1009C5D54 /* main.m */; };
		034F1C0C207C61A1009C5D54 /* DDNavigationBarTests.m in Sources */ = {isa = PBXBuildFile; fileRef = 034F1C0B207C61A1009C5D54 /* DDNavigationBarTests.m */; };
		034F1C17207C61A1009C5D54 /* DDNavigationBarUITests.m in Sources */ = {isa = PBXBuildFile; fileRef = 034F1C16207C61A1009C5D54 /* DDNavigationBarUITests.m */; };
/* End PBXBuildFile section */

/* Begin PBXContainerItemProxy section */
		034F1C08207C61A1009C5D54 /* PBXContainerItemProxy */ = {
			isa = PBXContainerItemProxy;
			containerPortal = 034F1BE7207C619E009C5D54 /* Project object */;
			proxyType = 1;
			remoteGlobalIDString = 034F1BEE207C619E009C5D54;
			remoteInfo = DDNavigationBar;
		};
		034F1C13207C61A1009C5D54 /* PBXContainerItemProxy */ = {
			isa = PBXContainerItemProxy;
			containerPortal = 034F1BE7207C619E009C5D54 /* Project object */;
			proxyType = 1;
			remoteGlobalIDString = 034F1BEE207C619E009C5D54;
			remoteInfo = DDNavigationBar;
		};
/* End PBXContainerItemProxy section */

/* Begin PBXFileReference section */
		034F1BEF207C619E009C5D54 /* DDNavigationBar.app */ = {isa = PBXFileReference; explicitFileType = wrapper.application; includeInIndex = 0; path = DDNavigationBar.app; sourceTree = BUILT_PRODUCTS_DIR; };
		034F1BF2207C619E009C5D54 /* AppDelegate.h */ = {isa = PBXFileReference; lastKnownFileType = sourcecode.c.h; path = AppDelegate.h; sourceTree = "<group>"; };
		034F1BF3207C619E009C5D54 /* AppDelegate.m */ = {isa = PBXFileReference; lastKnownFileType = sourcecode.c.objc; path = AppDelegate.m; sourceTree = "<group>"; };
		034F1BF5207C619E009C5D54 /* ViewController.h */ = {isa = PBXFileReference; lastKnownFileType = sourcecode.c.h; path = ViewController.h; sourceTree = "<group>"; };
		034F1BF6207C619E009C5D54 /* ViewController.m */ = {isa = PBXFileReference; lastKnownFileType = sourcecode.c.objc; path = ViewController.m; sourceTree = "<group>"; };
		034F1BF9207C619E009C5D54 /* Base */ = {isa = PBXFileReference; lastKnownFileType = file.storyboard; name = Base; path = Base.lproj/Main.storyboard; sourceTree = "<group>"; };
		034F1BFB207C61A1009C5D54 /* Assets.xcassets */ = {isa = PBXFileReference; lastKnownFileType = folder.assetcatalog; path = Assets.xcassets; sourceTree = "<group>"; };
		034F1BFE207C61A1009C5D54 /* Base */ = {isa = PBXFileReference; lastKnownFileType = file.storyboard; name = Base; path = Base.lproj/LaunchScreen.storyboard; sourceTree = "<group>"; };
		034F1C00207C61A1009C5D54 /* Info.plist */ = {isa = PBXFileReference; lastKnownFileType = text.plist.xml; path = Info.plist; sourceTree = "<group>"; };
		034F1C01207C61A1009C5D54 /* main.m */ = {isa = PBXFileReference; lastKnownFileType = sourcecode.c.objc; path = main.m; sourceTree = "<group>"; };
		034F1C07207C61A1009C5D54 /* DDNavigationBarTests.xctest */ = {isa = PBXFileReference; explicitFileType = wrapper.cfbundle; includeInIndex = 0; path = DDNavigationBarTests.xctest; sourceTree = BUILT_PRODUCTS_DIR; };
		034F1C0B207C61A1009C5D54 /* DDNavigationBarTests.m */ = {isa = PBXFileReference; lastKnownFileType = sourcecode.c.objc; path = DDNavigationBarTests.m; sourceTree = "<group>"; };
		034F1C0D207C61A1009C5D54 /* Info.plist */ = {isa = PBXFileReference; lastKnownFileType = text.plist.xml; path = Info.plist; sourceTree = "<group>"; };
		034F1C12207C61A1009C5D54 /* DDNavigationBarUITests.xctest */ = {isa = PBXFileReference; explicitFileType = wrapper.cfbundle; includeInIndex = 0; path = DDNavigationBarUITests.xctest; sourceTree = BUILT_PRODUCTS_DIR; };
		034F1C16207C61A1009C5D54 /* DDNavigationBarUITests.m */ = {isa = PBXFileReference; lastKnownFileType = sourcecode.c.objc; path = DDNavigationBarUITests.m; sourceTree = "<group>"; };
		034F1C18207C61A1009C5D54 /* Info.plist */ = {isa = PBXFileReference; lastKnownFileType = text.plist.xml; path = Info.plist; sourceTree = "<group>"; };
/* End PBXFileReference section */

/* Begin PBXFrameworksBuildPhase section */
		034F1BEC207C619E009C5D54 /* Frameworks */ = {
			isa = PBXFrameworksBuildPhase;
			buildActionMask = 2147483647;
			files = (
			);
			runOnlyForDeploymentPostprocessing = 0;
		};
		034F1C04207C61A1009C5D54 /* Frameworks */ = {
			isa = PBXFrameworksBuildPhase;
			buildActionMask = 2147483647;
			files = (
			);
			runOnlyForDeploymentPostprocessing = 0;
		};
		034F1C0F207C61A1009C5D54 /* Frameworks */ = {
			isa = PBXFrameworksBuildPhase;
			buildActionMask = 2147483647;
			files = (
			);
			runOnlyForDeploymentPostprocessing = 0;
		};
/* End PBXFrameworksBuildPhase section */

/* Begin PBXGroup section */
		034F1BE6207C619E009C5D54 = {
			isa = PBXGroup;
			children = (
				034F1BF1207C619E009C5D54 /* DDNavigationBar */,
				034F1C0A207C61A1009C5D54 /* DDNavigationBarTests */,
				034F1C15207C61A1009C5D54 /* DDNavigationBarUITests */,
				034F1BF0207C619E009C5D54 /* Products */,
			);
			sourceTree = "<group>";
		};
		034F1BF0207C619E009C5D54 /* Products */ = {
			isa = PBXGroup;
			children = (
				034F1BEF207C619E009C5D54 /* DDNavigationBar.app */,
				034F1C07207C61A1009C5D54 /* DDNavigationBarTests.xctest */,
				034F1C12207C61A1009C5D54 /* DDNavigationBarUITests.xctest */,
			);
			name = Products;
			sourceTree = "<group>";
		};
		034F1BF1207C619E009C5D54 /* DDNavigationBar */ = {
			isa = PBXGroup;
			children = (
				034F1BF2207C619E009C5D54 /* AppDelegate.h */,
				034F1BF3207C619E009C5D54 /* AppDelegate.m */,
				034F1BF5207C619E009C5D54 /* ViewController.h */,
				034F1BF6207C619E009C5D54 /* ViewController.m */,
				034F1BF8207C619E009C5D54 /* Main.storyboard */,
				034F1BFB207C61A1009C5D54 /* Assets.xcassets */,
				034F1BFD207C61A1009C5D54 /* LaunchScreen.storyboard */,
				034F1C00207C61A1009C5D54 /* Info.plist */,
				034F1C01207C61A1009C5D54 /* main.m */,
			);
			path = DDNavigationBar;
			sourceTree = "<group>";
		};
		034F1C0A207C61A1009C5D54 /* DDNavigationBarTests */ = {
			isa = PBXGroup;
			children = (
				034F1C0B207C61A1009C5D54 /* DDNavigationBarTests.m */,
				034F1C0D207C61A1009C5D54 /* Info.plist */,
			);
			path = DDNavigationBarTests;
			sourceTree = "<group>";
		};
		034F1C15207C61A1009C5D54 /* DDNavigationBarUITests */ = {
			isa = PBXGroup;
			children = (
				034F1C16207C61A1009C5D54 /* DDNavigationBarUITests.m */,
				034F1C18207C61A1009C5D54 /* Info.plist */,
			);
			path = DDNavigationBarUITests;
			sourceTree = "<group>";
		};
/* End PBXGroup section */

/* Begin PBXNativeTarget section */
		034F1BEE207C619E009C5D54 /* DDNavigationBar */ = {
			isa = PBXNativeTarget;
			buildConfigurationList = 034F1C1B207C61A1009C5D54 /* Build configuration list for PBXNativeTarget "DDNavigationBar" */;
			buildPhases = (
				034F1BEB207C619E009C5D54 /* Sources */,
				034F1BEC207C619E009C5D54 /* Frameworks */,
				034F1BED207C619E009C5D54 /* Resources */,
			);
			buildRules = (
			);
			dependencies = (
			);
			name = DDNavigationBar;
			productName = DDNavigationBar;
			productReference = 034F1BEF207C619E009C5D54 /* DDNavigationBar.app */;
			productType = "com.apple.product-type.application";
		};
		034F1C06207C61A1009C5D54 /* DDNavigationBarTests */ = {
			isa = PBXNativeTarget;
			buildConfigurationList = 034F1C1E207C61A1009C5D54 /* Build configuration list for PBXNativeTarget "DDNavigationBarTests" */;
			buildPhases = (
				034F1C03207C61A1009C5D54 /* Sources */,
				034F1C04207C61A1009C5D54 /* Frameworks */,
				034F1C05207C61A1009C5D54 /* Resources */,
			);
			buildRules = (
			);
			dependencies = (
				034F1C09207C61A1009C5D54 /* PBXTargetDependency */,
			);
			name = DDNavigationBarTests;
			productName = DDNavigationBarTests;
			productReference = 034F1C07207C61A1009C5D54 /* DDNavigationBarTests.xctest */;
			productType = "com.apple.product-type.bundle.unit-test";
		};
		034F1C11207C61A1009C5D54 /* DDNavigationBarUITests */ = {
			isa = PBXNativeTarget;
			buildConfigurationList = 034F1C21207C61A1009C5D54 /* Build configuration list for PBXNativeTarget "DDNavigationBarUITests" */;
			buildPhases = (
				034F1C0E207C61A1009C5D54 /* Sources */,
				034F1C0F207C61A1009C5D54 /* Frameworks */,
				034F1C10207C61A1009C5D54 /* Resources */,
			);
			buildRules = (
			);
			dependencies = (
				034F1C14207C61A1009C5D54 /* PBXTargetDependency */,
			);
			name = DDNavigationBarUITests;
			productName = DDNavigationBarUITests;
			productReference = 034F1C12207C61A1009C5D54 /* DDNavigationBarUITests.xctest */;
			productType = "com.apple.product-type.bundle.ui-testing";
		};
/* End PBXNativeTarget section */

/* Begin PBXProject section */
		034F1BE7207C619E009C5D54 /* Project object */ = {
			isa = PBXProject;
			attributes = {
				LastUpgradeCheck = 0930;
				ORGANIZATIONNAME = wangdada;
				TargetAttributes = {
					034F1BEE207C619E009C5D54 = {
						CreatedOnToolsVersion = 9.3;
					};
					034F1C06207C61A1009C5D54 = {
						CreatedOnToolsVersion = 9.3;
						TestTargetID = 034F1BEE207C619E009C5D54;
					};
					034F1C11207C61A1009C5D54 = {
						CreatedOnToolsVersion = 9.3;
						TestTargetID = 034F1BEE207C619E009C5D54;
					};
				};
			};
			buildConfigurationList = 034F1BEA207C619E009C5D54 /* Build configuration list for PBXProject "DDNavigationBar" */;
			compatibilityVersion = "Xcode 9.3";
			developmentRegion = en;
			hasScannedForEncodings = 0;
			knownRegions = (
				en,
				Base,
			);
			mainGroup = 034F1BE6207C619E009C5D54;
			productRefGroup = 034F1BF0207C619E009C5D54 /* Products */;
			projectDirPath = "";
			projectRoot = "";
			targets = (
				034F1BEE207C619E009C5D54 /* DDNavigationBar */,
				034F1C06207C61A1009C5D54 /* DDNavigationBarTests */,
				034F1C11207C61A1009C5D54 /* DDNavigationBarUITests */,
			);
		};
/* End PBXProject section */

/* Begin PBXResourcesBuildPhase section */
		034F1BED207C619E009C5D54 /* Resources */ = {
			isa = PBXResourcesBuildPhase;
			buildActionMask = 2147483647;
			files = (
				034F1BFF207C61A1009C5D54 /* LaunchScreen.storyboard in Resources */,
				034F1BFC207C61A1009C5D54 /* Assets.xcassets in Resources */,
				034F1BFA207C619E009C5D54 /* Main.storyboard in Resources */,
			);
			runOnlyForDeploymentPostprocessing = 0;
		};
		034F1C05207C61A1009C5D54 /* Resources */ = {
			isa = PBXResourcesBuildPhase;
			buildActionMask = 2147483647;
			files = (
			);
			runOnlyForDeploymentPostprocessing = 0;
		};
		034F1C10207C61A1009C5D54 /* Resources */ = {
			isa = PBXResourcesBuildPhase;
			buildActionMask = 2147483647;
			files = (
			);
			runOnlyForDeploymentPostprocessing = 0;
		};
/* End PBXResourcesBuildPhase section */

/* Begin PBXSourcesBuildPhase section */
		034F1BEB207C619E009C5D54 /* Sources */ = {
			isa = PBXSourcesBuildPhase;
			buildActionMask = 2147483647;
			files = (
				034F1BF7207C619E009C5D54 /* ViewController.m in Sources */,
				034F1C02207C61A1009C5D54 /* main.m in Sources */,
				034F1BF4207C619E009C5D54 /* AppDelegate.m in Sources */,
			);
			runOnlyForDeploymentPostprocessing = 0;
		};
		034F1C03207C61A1009C5D54 /* Sources */ = {
			isa = PBXSourcesBuildPhase;
			buildActionMask = 2147483647;
			files = (
				034F1C0C207C61A1009C5D54 /* DDNavigationBarTests.m in Sources */,
			);
			runOnlyForDeploymentPostprocessing = 0;
		};
		034F1C0E207C61A1009C5D54 /* Sources */ = {
			isa = PBXSourcesBuildPhase;
			buildActionMask = 2147483647;
			files = (
				034F1C17207C61A1009C5D54 /* DDNavigationBarUITests.m in Sources */,
			);
			runOnlyForDeploymentPostprocessing = 0;
		};
/* End PBXSourcesBuildPhase section */

/* Begin PBXTargetDependency section */
		034F1C09207C61A1009C5D54 /* PBXTargetDependency */ = {
			isa = PBXTargetDependency;
			target = 034F1BEE207C619E009C5D54 /* DDNavigationBar */;
			targetProxy = 034F1C08207C61A1009C5D54 /* PBXContainerItemProxy */;
		};
		034F1C14207C61A1009C5D54 /* PBXTargetDependency */ = {
			isa = PBXTargetDependency;
			target = 034F1BEE207C619E009C5D54 /* DDNavigationBar */;
			targetProxy = 034F1C13207C61A1009C5D54 /* PBXContainerItemProxy */;
		};
/* End PBXTargetDependency section */

/* Begin PBXVariantGroup section */
		034F1BF8207C619E009C5D54 /* Main.storyboard */ = {
			isa = PBXVariantGroup;
			children = (
				034F1BF9207C619E009C5D54 /* Base */,
			);
			name = Main.storyboard;
			sourceTree = "<group>";
		};
		034F1BFD207C61A1009C5D54 /* LaunchScreen.storyboard */ = {
			isa = PBXVariantGroup;
			children = (
				034F1BFE207C61A1009C5D54 /* Base */,
			);
			name = LaunchScreen.storyboard;
			sourceTree = "<group>";
		};
/* End PBXVariantGroup section */

/* Begin XCBuildConfiguration section */
		034F1C19207C61A1009C5D54 /* Debug */ = {
			isa = XCBuildConfiguration;
			buildSettings = {
				ALWAYS_SEARCH_USER_PATHS = NO;
				CLANG_ANALYZER_NONNULL = YES;
				CLANG_ANALYZER_NUMBER_OBJECT_CONVERSION = YES_AGGRESSIVE;
				CLANG_CXX_LANGUAGE_STANDARD = "gnu++14";
				CLANG_CXX_LIBRARY = "libc++";
				CLANG_ENABLE_MODULES = YES;
				CLANG_ENABLE_OBJC_ARC = YES;
				CLANG_ENABLE_OBJC_WEAK = YES;
				CLANG_WARN_BLOCK_CAPTURE_AUTORELEASING = YES;
				CLANG_WARN_BOOL_CONVERSION = YES;
				CLANG_WARN_COMMA = YES;
				CLANG_WARN_CONSTANT_CONVERSION = YES;
				CLANG_WARN_DEPRECATED_OBJC_IMPLEMENTATIONS = YES;
				CLANG_WARN_DIRECT_OBJC_ISA_USAGE = YES_ERROR;
				CLANG_WARN_DOCUMENTATION_COMMENTS = YES;
				CLANG_WARN_EMPTY_BODY = YES;
				CLANG_WARN_ENUM_CONVERSION = YES;
				CLANG_WARN_INFINITE_RECURSION = YES;
				CLANG_WARN_INT_CONVERSION = YES;
				CLANG_WARN_NON_LITERAL_NULL_CONVERSION = YES;
				CLANG_WARN_OBJC_IMPLICIT_RETAIN_SELF = YES;
				CLANG_WARN_OBJC_LITERAL_CONVERSION = YES;
				CLANG_WARN_OBJC_ROOT_CLASS = YES_ERROR;
				CLANG_WARN_RANGE_LOOP_ANALYSIS = YES;
				CLANG_WARN_STRICT_PROTOTYPES = YES;
				CLANG_WARN_SUSPICIOUS_MOVE = YES;
				CLANG_WARN_UNGUARDED_AVAILABILITY = YES_AGGRESSIVE;
				CLANG_WARN_UNREACHABLE_CODE = YES;
				CLANG_WARN__DUPLICATE_METHOD_MATCH = YES;
				CODE_SIGN_IDENTITY = "iPhone Developer";
				COPY_PHASE_STRIP = NO;
				DEBUG_INFORMATION_FORMAT = dwarf;
				ENABLE_STRICT_OBJC_MSGSEND = YES;
				ENABLE_TESTABILITY = YES;
				GCC_C_LANGUAGE_STANDARD = gnu11;
				GCC_DYNAMIC_NO_PIC = NO;
				GCC_NO_COMMON_BLOCKS = YES;
				GCC_OPTIMIZATION_LEVEL = 0;
				GCC_PREPROCESSOR_DEFINITIONS = (
					"DEBUG=1",
					"$(inherited)",
				);
				GCC_WARN_64_TO_32_BIT_CONVERSION = YES;
				GCC_WARN_ABOUT_RETURN_TYPE = YES_ERROR;
				GCC_WARN_UNDECLARED_SELECTOR = YES;
				GCC_WARN_UNINITIALIZED_AUTOS = YES_AGGRESSIVE;
				GCC_WARN_UNUSED_FUNCTION = YES;
				GCC_WARN_UNUSED_VARIABLE = YES;
				IPHONEOS_DEPLOYMENT_TARGET = 11.3;
				MTL_ENABLE_DEBUG_INFO = YES;
				ONLY_ACTIVE_ARCH = YES;
				SDKROOT = iphoneos;
			};
			name = Debug;
		};
		034F1C1A207C61A1009C5D54 /* Release */ = {
			isa = XCBuildConfiguration;
			buildSettings = {
				ALWAYS_SEARCH_USER_PATHS = NO;
				CLANG_ANALYZER_NONNULL = YES;
				CLANG_ANALYZER_NUMBER_OBJECT_CONVERSION = YES_AGGRESSIVE;
				CLANG_CXX_LANGUAGE_STANDARD = "gnu++14";
				CLANG_CXX_LIBRARY = "libc++";
				CLANG_ENABLE_MODULES = YES;
				CLANG_ENABLE_OBJC_ARC = YES;
				CLANG_ENABLE_OBJC_WEAK = YES;
				CLANG_WARN_BLOCK_CAPTURE_AUTORELEASING = YES;
				CLANG_WARN_BOOL_CONVERSION = YES;
				CLANG_WARN_COMMA = YES;
				CLANG_WARN_CONSTANT_CONVERSION = YES;
				CLANG_WARN_DEPRECATED_OBJC_IMPLEMENTATIONS = YES;
				CLANG_WARN_DIRECT_OBJC_ISA_USAGE = YES_ERROR;
				CLANG_WARN_DOCUMENTATION_COMMENTS = YES;
				CLANG_WARN_EMPTY_BODY = YES;
				CLANG_WARN_ENUM_CONVERSION = YES;
				CLANG_WARN_INFINITE_RECURSION = YES;
				CLANG_WARN_INT_CONVERSION = YES;
				CLANG_WARN_NON_LITERAL_NULL_CONVERSION = YES;
				CLANG_WARN_OBJC_IMPLICIT_RETAIN_SELF = YES;
				CLANG_WARN_OBJC_LITERAL_CONVERSION = YES;
				CLANG_WARN_OBJC_ROOT_CLASS = YES_ERROR;
				CLANG_WARN_RANGE_LOOP_ANALYSIS = YES;
				CLANG_WARN_STRICT_PROTOTYPES = YES;
				CLANG_WARN_SUSPICIOUS_MOVE = YES;
				CLANG_WARN_UNGUARDED_AVAILABILITY = YES_AGGRESSIVE;
				CLANG_WARN_UNREACHABLE_CODE = YES;
				CLANG_WARN__DUPLICATE_METHOD_MATCH = YES;
				CODE_SIGN_IDENTITY = "iPhone Developer";
				COPY_PHASE_STRIP = NO;
				DEBUG_INFORMATION_FORMAT = "dwarf-with-dsym";
				ENABLE_NS_ASSERTIONS = NO;
				ENABLE_STRICT_OBJC_MSGSEND = YES;
				GCC_C_LANGUAGE_STANDARD = gnu11;
				GCC_NO_COMMON_BLOCKS = YES;
				GCC_WARN_64_TO_32_BIT_CONVERSION = YES;
				GCC_WARN_ABOUT_RETURN_TYPE = YES_ERROR;
				GCC_WARN_UNDECLARED_SELECTOR = YES;
				GCC_WARN_UNINITIALIZED_AUTOS = YES_AGGRESSIVE;
				GCC_WARN_UNUSED_FUNCTION = YES;
				GCC_WARN_UNUSED_VARIABLE = YES;
				IPHONEOS_DEPLOYMENT_TARGET = 11.3;
				MTL_ENABLE_DEBUG_INFO = NO;
				SDKROOT = iphoneos;
				VALIDATE_PRODUCT = YES;
			};
			name = Release;
		};
		034F1C1C207C61A1009C5D54 /* Debug */ = {
			isa = XCBuildConfiguration;
			buildSettings = {
				ASSETCATALOG_COMPILER_APPICON_NAME = AppIcon;
				CODE_SIGN_STYLE = Automatic;
				DEVELOPMENT_TEAM = 4P3H6RB32J;
				INFOPLIST_FILE = DDNavigationBar/Info.plist;
				LD_RUNPATH_SEARCH_PATHS = (
					"$(inherited)",
					"@executable_path/Frameworks",
				);
				PRODUCT_BUNDLE_IDENTIFIER = dada.DDNavigationBar;
				PRODUCT_NAME = "$(TARGET_NAME)";
				TARGETED_DEVICE_FAMILY = "1,2";
			};
			name = Debug;
		};
		034F1C1D207C61A1009C5D54 /* Release */ = {
			isa = XCBuildConfiguration;
			buildSettings = {
				ASSETCATALOG_COMPILER_APPICON_NAME = AppIcon;
				CODE_SIGN_STYLE = Automatic;
				DEVELOPMENT_TEAM = 4P3H6RB32J;
				INFOPLIST_FILE = DDNavigationBar/Info.plist;
				LD_RUNPATH_SEARCH_PATHS = (
					"$(inherited)",
					"@executable_path/Frameworks",
				);
				PRODUCT_BUNDLE_IDENTIFIER = dada.DDNavigationBar;
				PRODUCT_NAME = "$(TARGET_NAME)";
				TARGETED_DEVICE_FAMILY = "1,2";
			};
			name = Release;
		};
		034F1C1F207C61A1009C5D54 /* Debug */ = {
			isa = XCBuildConfiguration;
			buildSettings = {
				BUNDLE_LOADER = "$(TEST_HOST)";
				CODE_SIGN_STYLE = Automatic;
				DEVELOPMENT_TEAM = 4P3H6RB32J;
				INFOPLIST_FILE = DDNavigationBarTests/Info.plist;
				LD_RUNPATH_SEARCH_PATHS = (
					"$(inherited)",
					"@executable_path/Frameworks",
					"@loader_path/Frameworks",
				);
				PRODUCT_BUNDLE_IDENTIFIER = dada.DDNavigationBarTests;
				PRODUCT_NAME = "$(TARGET_NAME)";
				TARGETED_DEVICE_FAMILY = "1,2";
				TEST_HOST = "$(BUILT_PRODUCTS_DIR)/DDNavigationBar.app/DDNavigationBar";
			};
			name = Debug;
		};
		034F1C20207C61A1009C5D54 /* Release */ = {
			isa = XCBuildConfiguration;
			buildSettings = {
				BUNDLE_LOADER = "$(TEST_HOST)";
				CODE_SIGN_STYLE = Automatic;
				DEVELOPMENT_TEAM = 4P3H6RB32J;
				INFOPLIST_FILE = DDNavigationBarTests/Info.plist;
				LD_RUNPATH_SEARCH_PATHS = (
					"$(inherited)",
					"@executable_path/Frameworks",
					"@loader_path/Frameworks",
				);
				PRODUCT_BUNDLE_IDENTIFIER = dada.DDNavigationBarTests;
				PRODUCT_NAME = "$(TARGET_NAME)";
				TARGETED_DEVICE_FAMILY = "1,2";
				TEST_HOST = "$(BUILT_PRODUCTS_DIR)/DDNavigationBar.app/DDNavigationBar";
			};
			name = Release;
		};
		034F1C22207C61A1009C5D54 /* Debug */ = {
			isa = XCBuildConfiguration;
			buildSettings = {
				CODE_SIGN_STYLE = Automatic;
				DEVELOPMENT_TEAM = 4P3H6RB32J;
				INFOPLIST_FILE = DDNavigationBarUITests/Info.plist;
				LD_RUNPATH_SEARCH_PATHS = (
					"$(inherited)",
					"@executable_path/Frameworks",
					"@loader_path/Frameworks",
				);
				PRODUCT_BUNDLE_IDENTIFIER = dada.DDNavigationBarUITests;
				PRODUCT_NAME = "$(TARGET_NAME)";
				TARGETED_DEVICE_FAMILY = "1,2";
				TEST_TARGET_NAME = DDNavigationBar;
			};
			name = Debug;
		};
		034F1C23207C61A1009C5D54 /* Release */ = {
			isa = XCBuildConfiguration;
			buildSettings = {
				CODE_SIGN_STYLE = Automatic;
				DEVELOPMENT_TEAM = 4P3H6RB32J;
				INFOPLIST_FILE = DDNavigationBarUITests/Info.plist;
				LD_RUNPATH_SEARCH_PATHS = (
					"$(inherited)",
					"@executable_path/Frameworks",
					"@loader_path/Frameworks",
				);
				PRODUCT_BUNDLE_IDENTIFIER = dada.DDNavigationBarUITests;
				PRODUCT_NAME = "$(TARGET_NAME)";
				TARGETED_DEVICE_FAMILY = "1,2";
				TEST_TARGET_NAME = DDNavigationBar;
			};
			name = Release;
		};
/* End XCBuildConfiguration section */

/* Begin XCConfigurationList section */
		034F1BEA207C619E009C5D54 /* Build configuration list for PBXProject "DDNavigationBar" */ = {
			isa = XCConfigurationList;
			buildConfigurations = (
				034F1C19207C61A1009C5D54 /* Debug */,
				034F1C1A207C61A1009C5D54 /* Release */,
			);
			defaultConfigurationIsVisible = 0;
			defaultConfigurationName = Release;
		};
		034F1C1B207C61A1009C5D54 /* Build configuration list for PBXNativeTarget "DDNavigationBar" */ = {
			isa = XCConfigurationList;
			buildConfigurations = (
				034F1C1C207C61A1009C5D54 /* Debug */,
				034F1C1D207C61A1009C5D54 /* Release */,
			);
			defaultConfigurationIsVisible = 0;
			defaultConfigurationName = Release;
		};
		034F1C1E207C61A1009C5D54 /* Build configuration list for PBXNativeTarget "DDNavigationBarTests" */ = {
			isa = XCConfigurationList;
			buildConfigurations = (
				034F1C1F207C61A1009C5D54 /* Debug */,
				034F1C20207C61A1009C5D54 /* Release */,
			);
			defaultConfigurationIsVisible = 0;
			defaultConfigurationName = Release;
		};
		034F1C21207C61A1009C5D54 /* Build configuration list for PBXNativeTarget "DDNavigationBarUITests" */ = {
			isa = XCConfigurationList;
			buildConfigurations = (
				034F1C22207C61A1009C5D54 /* Debug */,
				034F1C23207C61A1009C5D54 /* Release */,
			);
			defaultConfigurationIsVisible = 0;
			defaultConfigurationName = Release;
		};
/* End XCConfigurationList section */
	};
	rootObject = 034F1BE7207C619E009C5D54 /* Project object */;
}
